
Microsoft Visual Studio Solution File, Format Version 12.00
# Visual Studio Version 17
VisualStudioVersion = 17.0.31912.275
MinimumVisualStudioVersion = 10.0.40219.1
Project("{2150E333-8FDC-42A3-9474-1A3956D46DE8}") = "Libraries", "Libraries", "{1BA9D23D-A4DE-4841-B047-AC1E8355F6A3}"
EndProject
Project("{2150E333-8FDC-42A3-9474-1A3956D46DE8}") = "Presentation", "Presentation", "{C0FFF437-0D09-4F24-9157-1D4B409B89C0}"
EndProject
Project("{2150E333-8FDC-42A3-9474-1A3956D46DE8}") = "Tests", "Tests", "{47C7C7A3-B0A4-44B4-AE16-9B980C72A580}"
EndProject
Project("{2150E333-8FDC-42A3-9474-1A3956D46DE8}") = "2-Application", "2-Application", "{03E9DC7E-C995-440B-A355-B095EDF06215}"
EndProject
Project("{2150E333-8FDC-42A3-9474-1A3956D46DE8}") = "3-Domain", "3-Domain", "{CC5F6FB4-4140-4427-8CD5-741363DE08F5}"
EndProject
Project("{2150E333-8FDC-42A3-9474-1A3956D46DE8}") = "1-Infrastructure", "1-Infrastructure", "{26659BC5-07F5-4AF0-B0F0-4B44628330B4}"
EndProject
Project("{2150E333-8FDC-42A3-9474-1A3956D46DE8}") = "1-Framework", "1-Framework", "{31A9C2D6-CD59-4282-934D-51EF6C02FE68}"
EndProject
Project("{2150E333-8FDC-42A3-9474-1A3956D46DE8}") = "3-UI", "3-UI", "{815A0015-40D4-4587-A2DA-DA6CC498B2FD}"
EndProject
Project("{2150E333-8FDC-42A3-9474-1A3956D46DE8}") = "2-API", "2-API", "{9BA7A9BA-25B7-4F6B-B6B3-E29B77E5788C}"
EndProject
Project("{2150E333-8FDC-42A3-9474-1A3956D46DE8}") = "Unit", "Unit", "{43600F4B-14DA-4737-9725-0FBE3636A48E}"
EndProject
Project("{2150E333-8FDC-42A3-9474-1A3956D46DE8}") = "Integration", "Integration", "{923C54E2-B52A-4933-8830-0B43DD004619}"
EndProject
Project("{2150E333-8FDC-42A3-9474-1A3956D46DE8}") = "Acceptance", "Acceptance", "{96DD9B31-B84C-4F6F-A672-177A4DF21E35}"
EndProject
Project("{9A19103F-16F7-4668-BE54-9A1E7A4F7556}") = "Domain.Share", "Src\Libraries\3-Domain\Domain.Share\Domain.Share.csproj", "{6D899224-8901-45F3-97E2-D6F28EFDD816}"
EndProject
Project("{9A19103F-16F7-4668-BE54-9A1E7A4F7556}") = "Domain.Core", "Src\Libraries\3-Domain\Domain.Core\Domain.Core.csproj", "{5359CDE1-8687-4862-BDD7-011571CB4A27}"
EndProject
Project("{9A19103F-16F7-4668-BE54-9A1E7A4F7556}") = "Domain", "Src\Libraries\3-Domain\Domain\Domain.csproj", "{CAE67B26-DAA9-4AA5-8E3D-8DB070B4052C}"
EndProject
Project("{9A19103F-16F7-4668-BE54-9A1E7A4F7556}") = "Infrastructure.Share", "Src\Libraries\1-Infrastructure\Infrastructure.Share\Infrastructure.Share.csproj", "{92CE4ECE-45A6-424A-B987-62F97082E49A}"
EndProject
Project("{9A19103F-16F7-4668-BE54-9A1E7A4F7556}") = "Infrastructure.Data", "Src\Libraries\1-Infrastructure\Infrastructure.Data\Infrastructure.Data.csproj", "{0E7C3007-202C-4A6E-8DCA-F424797A9AED}"
EndProject
Project("{9A19103F-16F7-4668-BE54-9A1E7A4F7556}") = "Infrastructure.CrossCutting", "Src\Libraries\1-Infrastructure\Infrastructure.CrossCutting\Infrastructure.CrossCutting.csproj", "{E83B87F2-796F-4668-921C-39D7D9481B91}"
EndProject
Project("{9A19103F-16F7-4668-BE54-9A1E7A4F7556}") = "Application.Share", "Src\Libraries\2-Application\Application.Share\Application.Share.csproj", "{29377A7F-41D8-4703-A4AB-560DD530CB61}"
EndProject
Project("{9A19103F-16F7-4668-BE54-9A1E7A4F7556}") = "Application.Core", "Src\Libraries\2-Application\Application.Core\Application.Core.csproj", "{47FB7805-B16B-4652-9045-ACB2932DDD27}"
EndProject
Project("{9A19103F-16F7-4668-BE54-9A1E7A4F7556}") = "Application", "Src\Libraries\2-Application\Application\Application.csproj", "{D048BB35-F168-42C3-AD7E-FCCF56FCABB9}"
EndProject
Project("{9A19103F-16F7-4668-BE54-9A1E7A4F7556}") = "Framework.Share", "Src\Presentation\1-Framework\Framework.Share\Framework.Share.csproj", "{A676FA13-B010-4A7A-85FF-1C9929619948}"
EndProject
Project("{9A19103F-16F7-4668-BE54-9A1E7A4F7556}") = "Framework.Web", "Src\Presentation\1-Framework\Framework.Web\Framework.Web.csproj", "{7AD54CF2-7B67-4C84-B9DA-6AF1762FC20C}"
EndProject
Project("{9A19103F-16F7-4668-BE54-9A1E7A4F7556}") = "UserPanelAPI", "Src\Presentation\2-API\UserPanelAPI\UserPanelAPI.csproj", "{C015A73A-0C15-4AD8-9BD8-4CF74A601BAD}"
EndProject
Project("{9A19103F-16F7-4668-BE54-9A1E7A4F7556}") = "Website", "Src\Presentation\3-UI\Website\Website.csproj", "{395D43D9-49CB-45C7-A25F-4E84370FE948}"
EndProject
Project("{9A19103F-16F7-4668-BE54-9A1E7A4F7556}") = "AdminPanel", "Src\Presentation\3-UI\AdminPanel\AdminPanel.csproj", "{B8C53F1B-0E0D-4DBA-ADBB-5AA676562E75}"
EndProject
Project("{9A19103F-16F7-4668-BE54-9A1E7A4F7556}") = "UserPanel", "Src\Presentation\3-UI\UserPanel\UserPanel.csproj", "{5A908196-FEE6-4DAC-A588-9E45806EDA41}"
EndProject
Project("{9A19103F-16F7-4668-BE54-9A1E7A4F7556}") = "Tests.Acceptance", "Src\Tests\Acceptance\Tests.Acceptance\Tests.Acceptance.csproj", "{7F583D72-54C0-4C69-AF30-39B99275D939}"
EndProject
Project("{9A19103F-16F7-4668-BE54-9A1E7A4F7556}") = "Application.Tests.Integration", "Src\Tests\Integration\Application.Tests.Integration\Application.Tests.Integration.csproj", "{444EC780-652F-46C6-AD6A-831FD6420737}"
EndProject
Project("{9A19103F-16F7-4668-BE54-9A1E7A4F7556}") = "Application.Tests.Unit", "Src\Tests\Unit\Application.Tests.Unit\Application.Tests.Unit.csproj", "{20387674-4B29-4551-A52B-D39F4EA5AEF0}"
EndProject
Project("{9A19103F-16F7-4668-BE54-9A1E7A4F7556}") = "Domain.Tests.Unit", "Src\Tests\Unit\Domain.Tests.Unit\Domain.Tests.Unit.csproj", "{6AB2D96D-F389-422E-B022-410BA6669890}"
EndProject
Global
	GlobalSection(SolutionConfigurationPlatforms) = preSolution
		Debug|Any CPU = Debug|Any CPU
		Release|Any CPU = Release|Any CPU
	EndGlobalSection
	GlobalSection(ProjectConfigurationPlatforms) = postSolution
		{6D899224-8901-45F3-97E2-D6F28EFDD816}.Debug|Any CPU.ActiveCfg = Debug|Any CPU
		{6D899224-8901-45F3-97E2-D6F28EFDD816}.Debug|Any CPU.Build.0 = Debug|Any CPU
		{6D899224-8901-45F3-97E2-D6F28EFDD816}.Release|Any CPU.ActiveCfg = Release|Any CPU
		{6D899224-8901-45F3-97E2-D6F28EFDD816}.Release|Any CPU.Build.0 = Release|Any CPU
		{5359CDE1-8687-4862-BDD7-011571CB4A27}.Debug|Any CPU.ActiveCfg = Debug|Any CPU
		{5359CDE1-8687-4862-BDD7-011571CB4A27}.Debug|Any CPU.Build.0 = Debug|Any CPU
		{5359CDE1-8687-4862-BDD7-011571CB4A27}.Release|Any CPU.ActiveCfg = Release|Any CPU
		{5359CDE1-8687-4862-BDD7-011571CB4A27}.Release|Any CPU.Build.0 = Release|Any CPU
		{CAE67B26-DAA9-4AA5-8E3D-8DB070B4052C}.Debug|Any CPU.ActiveCfg = Debug|Any CPU
		{CAE67B26-DAA9-4AA5-8E3D-8DB070B4052C}.Debug|Any CPU.Build.0 = Debug|Any CPU
		{CAE67B26-DAA9-4AA5-8E3D-8DB070B4052C}.Release|Any CPU.ActiveCfg = Release|Any CPU
		{CAE67B26-DAA9-4AA5-8E3D-8DB070B4052C}.Release|Any CPU.Build.0 = Release|Any CPU
		{92CE4ECE-45A6-424A-B987-62F97082E49A}.Debug|Any CPU.ActiveCfg = Debug|Any CPU
		{92CE4ECE-45A6-424A-B987-62F97082E49A}.Debug|Any CPU.Build.0 = Debug|Any CPU
		{92CE4ECE-45A6-424A-B987-62F97082E49A}.Release|Any CPU.ActiveCfg = Release|Any CPU
		{92CE4ECE-45A6-424A-B987-62F97082E49A}.Release|Any CPU.Build.0 = Release|Any CPU
		{0E7C3007-202C-4A6E-8DCA-F424797A9AED}.Debug|Any CPU.ActiveCfg = Debug|Any CPU
		{0E7C3007-202C-4A6E-8DCA-F424797A9AED}.Debug|Any CPU.Build.0 = Debug|Any CPU
		{0E7C3007-202C-4A6E-8DCA-F424797A9AED}.Release|Any CPU.ActiveCfg = Release|Any CPU
		{0E7C3007-202C-4A6E-8DCA-F424797A9AED}.Release|Any CPU.Build.0 = Release|Any CPU
		{E83B87F2-796F-4668-921C-39D7D9481B91}.Debug|Any CPU.ActiveCfg = Debug|Any CPU
		{E83B87F2-796F-4668-921C-39D7D9481B91}.Debug|Any CPU.Build.0 = Debug|Any CPU
		{E83B87F2-796F-4668-921C-39D7D9481B91}.Release|Any CPU.ActiveCfg = Release|Any CPU
		{E83B87F2-796F-4668-921C-39D7D9481B91}.Release|Any CPU.Build.0 = Release|Any CPU
		{29377A7F-41D8-4703-A4AB-560DD530CB61}.Debug|Any CPU.ActiveCfg = Debug|Any CPU
		{29377A7F-41D8-4703-A4AB-560DD530CB61}.Debug|Any CPU.Build.0 = Debug|Any CPU
		{29377A7F-41D8-4703-A4AB-560DD530CB61}.Release|Any CPU.ActiveCfg = Release|Any CPU
		{29377A7F-41D8-4703-A4AB-560DD530CB61}.Release|Any CPU.Build.0 = Release|Any CPU
		{47FB7805-B16B-4652-9045-ACB2932DDD27}.Debug|Any CPU.ActiveCfg = Debug|Any CPU
		{47FB7805-B16B-4652-9045-ACB2932DDD27}.Debug|Any CPU.Build.0 = Debug|Any CPU
		{47FB7805-B16B-4652-9045-ACB2932DDD27}.Release|Any CPU.ActiveCfg = Release|Any CPU
		{47FB7805-B16B-4652-9045-ACB2932DDD27}.Release|Any CPU.Build.0 = Release|Any CPU
		{D048BB35-F168-42C3-AD7E-FCCF56FCABB9}.Debug|Any CPU.ActiveCfg = Debug|Any CPU
		{D048BB35-F168-42C3-AD7E-FCCF56FCABB9}.Debug|Any CPU.Build.0 = Debug|Any CPU
		{D048BB35-F168-42C3-AD7E-FCCF56FCABB9}.Release|Any CPU.ActiveCfg = Release|Any CPU
		{D048BB35-F168-42C3-AD7E-FCCF56FCABB9}.Release|Any CPU.Build.0 = Release|Any CPU
		{A676FA13-B010-4A7A-85FF-1C9929619948}.Debug|Any CPU.ActiveCfg = Debug|Any CPU
		{A676FA13-B010-4A7A-85FF-1C9929619948}.Debug|Any CPU.Build.0 = Debug|Any CPU
		{A676FA13-B010-4A7A-85FF-1C9929619948}.Release|Any CPU.ActiveCfg = Release|Any CPU
		{A676FA13-B010-4A7A-85FF-1C9929619948}.Release|Any CPU.Build.0 = Release|Any CPU
		{7AD54CF2-7B67-4C84-B9DA-6AF1762FC20C}.Debug|Any CPU.ActiveCfg = Debug|Any CPU
		{7AD54CF2-7B67-4C84-B9DA-6AF1762FC20C}.Debug|Any CPU.Build.0 = Debug|Any CPU
		{7AD54CF2-7B67-4C84-B9DA-6AF1762FC20C}.Release|Any CPU.ActiveCfg = Release|Any CPU
		{7AD54CF2-7B67-4C84-B9DA-6AF1762FC20C}.Release|Any CPU.Build.0 = Release|Any CPU
		{C015A73A-0C15-4AD8-9BD8-4CF74A601BAD}.Debug|Any CPU.ActiveCfg = Debug|Any CPU
		{C015A73A-0C15-4AD8-9BD8-4CF74A601BAD}.Debug|Any CPU.Build.0 = Debug|Any CPU
		{C015A73A-0C15-4AD8-9BD8-4CF74A601BAD}.Release|Any CPU.ActiveCfg = Release|Any CPU
		{C015A73A-0C15-4AD8-9BD8-4CF74A601BAD}.Release|Any CPU.Build.0 = Release|Any CPU
		{395D43D9-49CB-45C7-A25F-4E84370FE948}.Debug|Any CPU.ActiveCfg = Debug|Any CPU
		{395D43D9-49CB-45C7-A25F-4E84370FE948}.Debug|Any CPU.Build.0 = Debug|Any CPU
		{395D43D9-49CB-45C7-A25F-4E84370FE948}.Release|Any CPU.ActiveCfg = Release|Any CPU
		{395D43D9-49CB-45C7-A25F-4E84370FE948}.Release|Any CPU.Build.0 = Release|Any CPU
		{B8C53F1B-0E0D-4DBA-ADBB-5AA676562E75}.Debug|Any CPU.ActiveCfg = Debug|Any CPU
		{B8C53F1B-0E0D-4DBA-ADBB-5AA676562E75}.Debug|Any CPU.Build.0 = Debug|Any CPU
		{B8C53F1B-0E0D-4DBA-ADBB-5AA676562E75}.Release|Any CPU.ActiveCfg = Release|Any CPU
		{B8C53F1B-0E0D-4DBA-ADBB-5AA676562E75}.Release|Any CPU.Build.0 = Release|Any CPU
		{5A908196-FEE6-4DAC-A588-9E45806EDA41}.Debug|Any CPU.ActiveCfg = Debug|Any CPU
		{5A908196-FEE6-4DAC-A588-9E45806EDA41}.Debug|Any CPU.Build.0 = Debug|Any CPU
		{5A908196-FEE6-4DAC-A588-9E45806EDA41}.Release|Any CPU.ActiveCfg = Release|Any CPU
		{5A908196-FEE6-4DAC-A588-9E45806EDA41}.Release|Any CPU.Build.0 = Release|Any CPU
		{7F583D72-54C0-4C69-AF30-39B99275D939}.Debug|Any CPU.ActiveCfg = Debug|Any CPU
		{7F583D72-54C0-4C69-AF30-39B99275D939}.Debug|Any CPU.Build.0 = Debug|Any CPU
		{7F583D72-54C0-4C69-AF30-39B99275D939}.Release|Any CPU.ActiveCfg = Release|Any CPU
		{7F583D72-54C0-4C69-AF30-39B99275D939}.Release|Any CPU.Build.0 = Release|Any CPU
		{444EC780-652F-46C6-AD6A-831FD6420737}.Debug|Any CPU.ActiveCfg = Debug|Any CPU
		{444EC780-652F-46C6-AD6A-831FD6420737}.Debug|Any CPU.Build.0 = Debug|Any CPU
		{444EC780-652F-46C6-AD6A-831FD6420737}.Release|Any CPU.ActiveCfg = Release|Any CPU
		{444EC780-652F-46C6-AD6A-831FD6420737}.Release|Any CPU.Build.0 = Release|Any CPU
		{20387674-4B29-4551-A52B-D39F4EA5AEF0}.Debug|Any CPU.ActiveCfg = Debug|Any CPU
		{20387674-4B29-4551-A52B-D39F4EA5AEF0}.Debug|Any CPU.Build.0 = Debug|Any CPU
		{20387674-4B29-4551-A52B-D39F4EA5AEF0}.Release|Any CPU.ActiveCfg = Release|Any CPU
		{20387674-4B29-4551-A52B-D39F4EA5AEF0}.Release|Any CPU.Build.0 = Release|Any CPU
		{6AB2D96D-F389-422E-B022-410BA6669890}.Debug|Any CPU.ActiveCfg = Debug|Any CPU
		{6AB2D96D-F389-422E-B022-410BA6669890}.Debug|Any CPU.Build.0 = Debug|Any CPU
		{6AB2D96D-F389-422E-B022-410BA6669890}.Release|Any CPU.ActiveCfg = Release|Any CPU
		{6AB2D96D-F389-422E-B022-410BA6669890}.Release|Any CPU.Build.0 = Release|Any CPU
	EndGlobalSection
	GlobalSection(SolutionProperties) = preSolution
		HideSolutionNode = FALSE
	EndGlobalSection
	GlobalSection(NestedProjects) = preSolution
		{03E9DC7E-C995-440B-A355-B095EDF06215} = {1BA9D23D-A4DE-4841-B047-AC1E8355F6A3}
		{CC5F6FB4-4140-4427-8CD5-741363DE08F5} = {1BA9D23D-A4DE-4841-B047-AC1E8355F6A3}
		{26659BC5-07F5-4AF0-B0F0-4B44628330B4} = {1BA9D23D-A4DE-4841-B047-AC1E8355F6A3}
		{31A9C2D6-CD59-4282-934D-51EF6C02FE68} = {C0FFF437-0D09-4F24-9157-1D4B409B89C0}
		{815A0015-40D4-4587-A2DA-DA6CC498B2FD} = {C0FFF437-0D09-4F24-9157-1D4B409B89C0}
		{9BA7A9BA-25B7-4F6B-B6B3-E29B77E5788C} = {C0FFF437-0D09-4F24-9157-1D4B409B89C0}
		{43600F4B-14DA-4737-9725-0FBE3636A48E} = {47C7C7A3-B0A4-44B4-AE16-9B980C72A580}
		{923C54E2-B52A-4933-8830-0B43DD004619} = {47C7C7A3-B0A4-44B4-AE16-9B980C72A580}
		{96DD9B31-B84C-4F6F-A672-177A4DF21E35} = {47C7C7A3-B0A4-44B4-AE16-9B980C72A580}
		{6D899224-8901-45F3-97E2-D6F28EFDD816} = {CC5F6FB4-4140-4427-8CD5-741363DE08F5}
		{5359CDE1-8687-4862-BDD7-011571CB4A27} = {CC5F6FB4-4140-4427-8CD5-741363DE08F5}
		{CAE67B26-DAA9-4AA5-8E3D-8DB070B4052C} = {CC5F6FB4-4140-4427-8CD5-741363DE08F5}
		{92CE4ECE-45A6-424A-B987-62F97082E49A} = {26659BC5-07F5-4AF0-B0F0-4B44628330B4}
		{0E7C3007-202C-4A6E-8DCA-F424797A9AED} = {26659BC5-07F5-4AF0-B0F0-4B44628330B4}
		{E83B87F2-796F-4668-921C-39D7D9481B91} = {26659BC5-07F5-4AF0-B0F0-4B44628330B4}
		{29377A7F-41D8-4703-A4AB-560DD530CB61} = {03E9DC7E-C995-440B-A355-B095EDF06215}
		{47FB7805-B16B-4652-9045-ACB2932DDD27} = {03E9DC7E-C995-440B-A355-B095EDF06215}
		{D048BB35-F168-42C3-AD7E-FCCF56FCABB9} = {03E9DC7E-C995-440B-A355-B095EDF06215}
		{A676FA13-B010-4A7A-85FF-1C9929619948} = {31A9C2D6-CD59-4282-934D-51EF6C02FE68}
		{7AD54CF2-7B67-4C84-B9DA-6AF1762FC20C} = {31A9C2D6-CD59-4282-934D-51EF6C02FE68}
		{C015A73A-0C15-4AD8-9BD8-4CF74A601BAD} = {9BA7A9BA-25B7-4F6B-B6B3-E29B77E5788C}
		{395D43D9-49CB-45C7-A25F-4E84370FE948} = {815A0015-40D4-4587-A2DA-DA6CC498B2FD}
		{B8C53F1B-0E0D-4DBA-ADBB-5AA676562E75} = {815A0015-40D4-4587-A2DA-DA6CC498B2FD}
		{5A908196-FEE6-4DAC-A588-9E45806EDA41} = {815A0015-40D4-4587-A2DA-DA6CC498B2FD}
		{7F583D72-54C0-4C69-AF30-39B99275D939} = {96DD9B31-B84C-4F6F-A672-177A4DF21E35}
		{444EC780-652F-46C6-AD6A-831FD6420737} = {923C54E2-B52A-4933-8830-0B43DD004619}
		{20387674-4B29-4551-A52B-D39F4EA5AEF0} = {43600F4B-14DA-4737-9725-0FBE3636A48E}
		{6AB2D96D-F389-422E-B022-410BA6669890} = {43600F4B-14DA-4737-9725-0FBE3636A48E}
	EndGlobalSection
	GlobalSection(ExtensibilityGlobals) = postSolution
		SolutionGuid = {15E4B299-A968-40A3-8192-CCF9082EE3BC}
	EndGlobalSection
EndGlobal
